
Microsoft Visual Studio Solution File, Format Version 12.00
# Visual Studio Version 17
VisualStudioVersion = 17.2.32630.192
MinimumVisualStudioVersion = 10.0.40219.1
Project("{FAE04EC0-301F-11D3-BF4B-00C04F79EFBC}") = "DuNo", "DuNo\DuNo.csproj", "{342E6010-BA73-4ABC-99D2-4A0B32A4BE00}"
EndProject
Global
	GlobalSection(SolutionConfigurationPlatforms) = preSolution
		Debug|Any CPU = Debug|Any CPU
		Release|Any CPU = Release|Any CPU
	EndGlobalSection
	GlobalSection(ProjectConfigurationPlatforms) = postSolution
		{342E6010-BA73-4ABC-99D2-4A0B32A4BE00}.Debug|Any CPU.ActiveCfg = Debug|Any CPU
		{342E6010-BA73-4ABC-99D2-4A0B32A4BE00}.Debug|Any CPU.Build.0 = Debug|Any CPU
		{342E6010-BA73-4ABC-99D2-4A0B32A4BE00}.Release|Any CPU.ActiveCfg = Release|Any CPU
		{342E6010-BA73-4ABC-99D2-4A0B32A4BE00}.Release|Any CPU.Build.0 = Release|Any CPU
	EndGlobalSection
	GlobalSection(SolutionProperties) = preSolution
		HideSolutionNode = FALSE
	EndGlobalSection
	GlobalSection(ExtensibilityGlobals) = postSolution
		SolutionGuid = {424EFB4B-BDAC-4A12-9752-1A3A949EFD1A}
	EndGlobalSection
EndGlobal
