
Microsoft Visual Studio Solution File, Format Version 12.00
# Visual Studio Version 17
VisualStudioVersion = 17.2.32630.192
MinimumVisualStudioVersion = 10.0.40219.1
Project("{FAE04EC0-301F-11D3-BF4B-00C04F79EFBC}") = "bt1", "bt1\bt1.csproj", "{617B2E10-5C28-4984-B849-E8CA90E983C3}"
EndProject
Global
	GlobalSection(SolutionConfigurationPlatforms) = preSolution
		Debug|Any CPU = Debug|Any CPU
		Release|Any CPU = Release|Any CPU
	EndGlobalSection
	GlobalSection(ProjectConfigurationPlatforms) = postSolution
		{617B2E10-5C28-4984-B849-E8CA90E983C3}.Debug|Any CPU.ActiveCfg = Debug|Any CPU
		{617B2E10-5C28-4984-B849-E8CA90E983C3}.Debug|Any CPU.Build.0 = Debug|Any CPU
		{617B2E10-5C28-4984-B849-E8CA90E983C3}.Release|Any CPU.ActiveCfg = Release|Any CPU
		{617B2E10-5C28-4984-B849-E8CA90E983C3}.Release|Any CPU.Build.0 = Release|Any CPU
	EndGlobalSection
	GlobalSection(SolutionProperties) = preSolution
		HideSolutionNode = FALSE
	EndGlobalSection
	GlobalSection(ExtensibilityGlobals) = postSolution
		SolutionGuid = {1B9B1F63-A962-4EBC-838C-B098EC45074C}
	EndGlobalSection
EndGlobal
