
Microsoft Visual Studio Solution File, Format Version 12.00
# Visual Studio Version 17
VisualStudioVersion = 17.2.32630.192
MinimumVisualStudioVersion = 10.0.40219.1
Project("{FAE04EC0-301F-11D3-BF4B-00C04F79EFBC}") = "WpfApp1", "WpfApp1\WpfApp1.csproj", "{BE544774-B0DE-448D-83A7-9D3681E839FB}"
EndProject
Global
	GlobalSection(SolutionConfigurationPlatforms) = preSolution
		Debug|Any CPU = Debug|Any CPU
		Release|Any CPU = Release|Any CPU
	EndGlobalSection
	GlobalSection(ProjectConfigurationPlatforms) = postSolution
		{BE544774-B0DE-448D-83A7-9D3681E839FB}.Debug|Any CPU.ActiveCfg = Debug|Any CPU
		{BE544774-B0DE-448D-83A7-9D3681E839FB}.Debug|Any CPU.Build.0 = Debug|Any CPU
		{BE544774-B0DE-448D-83A7-9D3681E839FB}.Release|Any CPU.ActiveCfg = Release|Any CPU
		{BE544774-B0DE-448D-83A7-9D3681E839FB}.Release|Any CPU.Build.0 = Release|Any CPU
	EndGlobalSection
	GlobalSection(SolutionProperties) = preSolution
		HideSolutionNode = FALSE
	EndGlobalSection
	GlobalSection(ExtensibilityGlobals) = postSolution
		SolutionGuid = {D57DC456-85CD-4652-B1EB-3C7FEB2177AA}
	EndGlobalSection
EndGlobal
