
Microsoft Visual Studio Solution File, Format Version 12.00
# Visual Studio Version 17
VisualStudioVersion = 17.2.32630.192
MinimumVisualStudioVersion = 10.0.40219.1
Project("{FAE04EC0-301F-11D3-BF4B-00C04F79EFBC}") = "Combobox", "Combobox\Combobox.csproj", "{0991EC77-6096-41F9-8EAA-618968B4EBD0}"
EndProject
Global
	GlobalSection(SolutionConfigurationPlatforms) = preSolution
		Debug|Any CPU = Debug|Any CPU
		Release|Any CPU = Release|Any CPU
	EndGlobalSection
	GlobalSection(ProjectConfigurationPlatforms) = postSolution
		{0991EC77-6096-41F9-8EAA-618968B4EBD0}.Debug|Any CPU.ActiveCfg = Debug|Any CPU
		{0991EC77-6096-41F9-8EAA-618968B4EBD0}.Debug|Any CPU.Build.0 = Debug|Any CPU
		{0991EC77-6096-41F9-8EAA-618968B4EBD0}.Release|Any CPU.ActiveCfg = Release|Any CPU
		{0991EC77-6096-41F9-8EAA-618968B4EBD0}.Release|Any CPU.Build.0 = Release|Any CPU
	EndGlobalSection
	GlobalSection(SolutionProperties) = preSolution
		HideSolutionNode = FALSE
	EndGlobalSection
	GlobalSection(ExtensibilityGlobals) = postSolution
		SolutionGuid = {F7F15412-4BE7-4A21-A1BF-04DEDC95A729}
	EndGlobalSection
EndGlobal
