
Microsoft Visual Studio Solution File, Format Version 12.00
# Visual Studio Version 17
VisualStudioVersion = 17.2.32630.192
MinimumVisualStudioVersion = 10.0.40219.1
Project("{FAE04EC0-301F-11D3-BF4B-00C04F79EFBC}") = "ReadNumber", "ReadNumber\ReadNumber.csproj", "{989BA540-4DB8-430C-8DBF-D9FBFB0ED6D0}"
EndProject
Global
	GlobalSection(SolutionConfigurationPlatforms) = preSolution
		Debug|Any CPU = Debug|Any CPU
		Release|Any CPU = Release|Any CPU
	EndGlobalSection
	GlobalSection(ProjectConfigurationPlatforms) = postSolution
		{989BA540-4DB8-430C-8DBF-D9FBFB0ED6D0}.Debug|Any CPU.ActiveCfg = Debug|Any CPU
		{989BA540-4DB8-430C-8DBF-D9FBFB0ED6D0}.Debug|Any CPU.Build.0 = Debug|Any CPU
		{989BA540-4DB8-430C-8DBF-D9FBFB0ED6D0}.Release|Any CPU.ActiveCfg = Release|Any CPU
		{989BA540-4DB8-430C-8DBF-D9FBFB0ED6D0}.Release|Any CPU.Build.0 = Release|Any CPU
	EndGlobalSection
	GlobalSection(SolutionProperties) = preSolution
		HideSolutionNode = FALSE
	EndGlobalSection
	GlobalSection(ExtensibilityGlobals) = postSolution
		SolutionGuid = {90D824E3-3AF3-47AC-8765-BAC2E9BC94C5}
	EndGlobalSection
EndGlobal
