
Microsoft Visual Studio Solution File, Format Version 12.00
# Visual Studio Version 17
VisualStudioVersion = 17.2.32630.192
MinimumVisualStudioVersion = 10.0.40219.1
Project("{FAE04EC0-301F-11D3-BF4B-00C04F79EFBC}") = "LearnCSharp", "LearnCSharp\LearnCSharp.csproj", "{92647137-8E35-4C40-8436-0A2DF8A70FF7}"
EndProject
Global
	GlobalSection(SolutionConfigurationPlatforms) = preSolution
		Debug|Any CPU = Debug|Any CPU
		Release|Any CPU = Release|Any CPU
	EndGlobalSection
	GlobalSection(ProjectConfigurationPlatforms) = postSolution
		{92647137-8E35-4C40-8436-0A2DF8A70FF7}.Debug|Any CPU.ActiveCfg = Debug|Any CPU
		{92647137-8E35-4C40-8436-0A2DF8A70FF7}.Debug|Any CPU.Build.0 = Debug|Any CPU
		{92647137-8E35-4C40-8436-0A2DF8A70FF7}.Release|Any CPU.ActiveCfg = Release|Any CPU
		{92647137-8E35-4C40-8436-0A2DF8A70FF7}.Release|Any CPU.Build.0 = Release|Any CPU
	EndGlobalSection
	GlobalSection(SolutionProperties) = preSolution
		HideSolutionNode = FALSE
	EndGlobalSection
	GlobalSection(ExtensibilityGlobals) = postSolution
		SolutionGuid = {C638E2D0-0ED7-43A2-A1C4-EE58241FAAEA}
	EndGlobalSection
EndGlobal
