
Microsoft Visual Studio Solution File, Format Version 12.00
# Visual Studio Version 17
VisualStudioVersion = 17.2.32630.192
MinimumVisualStudioVersion = 10.0.40219.1
Project("{FAE04EC0-301F-11D3-BF4B-00C04F79EFBC}") = "Binding_Data", "Binding_Data\Binding_Data.csproj", "{3EDD3158-EBDB-4229-91E6-06FDE6F3F1FF}"
EndProject
Global
	GlobalSection(SolutionConfigurationPlatforms) = preSolution
		Debug|Any CPU = Debug|Any CPU
		Release|Any CPU = Release|Any CPU
	EndGlobalSection
	GlobalSection(ProjectConfigurationPlatforms) = postSolution
		{3EDD3158-EBDB-4229-91E6-06FDE6F3F1FF}.Debug|Any CPU.ActiveCfg = Debug|Any CPU
		{3EDD3158-EBDB-4229-91E6-06FDE6F3F1FF}.Debug|Any CPU.Build.0 = Debug|Any CPU
		{3EDD3158-EBDB-4229-91E6-06FDE6F3F1FF}.Release|Any CPU.ActiveCfg = Release|Any CPU
		{3EDD3158-EBDB-4229-91E6-06FDE6F3F1FF}.Release|Any CPU.Build.0 = Release|Any CPU
	EndGlobalSection
	GlobalSection(SolutionProperties) = preSolution
		HideSolutionNode = FALSE
	EndGlobalSection
	GlobalSection(ExtensibilityGlobals) = postSolution
		SolutionGuid = {79C1C821-8556-4E77-B846-0005BF00D821}
	EndGlobalSection
EndGlobal
