
Microsoft Visual Studio Solution File, Format Version 12.00
# Visual Studio Version 17
VisualStudioVersion = 17.2.32630.192
MinimumVisualStudioVersion = 10.0.40219.1
Project("{FAE04EC0-301F-11D3-BF4B-00C04F79EFBC}") = "LongestCommonPrefix", "LongestCommonPrefix\LongestCommonPrefix.csproj", "{FEE7CECD-9F60-44A1-BA66-9D070F6B4458}"
EndProject
Global
	GlobalSection(SolutionConfigurationPlatforms) = preSolution
		Debug|Any CPU = Debug|Any CPU
		Release|Any CPU = Release|Any CPU
	EndGlobalSection
	GlobalSection(ProjectConfigurationPlatforms) = postSolution
		{FEE7CECD-9F60-44A1-BA66-9D070F6B4458}.Debug|Any CPU.ActiveCfg = Debug|Any CPU
		{FEE7CECD-9F60-44A1-BA66-9D070F6B4458}.Debug|Any CPU.Build.0 = Debug|Any CPU
		{FEE7CECD-9F60-44A1-BA66-9D070F6B4458}.Release|Any CPU.ActiveCfg = Release|Any CPU
		{FEE7CECD-9F60-44A1-BA66-9D070F6B4458}.Release|Any CPU.Build.0 = Release|Any CPU
	EndGlobalSection
	GlobalSection(SolutionProperties) = preSolution
		HideSolutionNode = FALSE
	EndGlobalSection
	GlobalSection(ExtensibilityGlobals) = postSolution
		SolutionGuid = {014AADE6-B7C6-460A-BCCE-A49161F9DAE9}
	EndGlobalSection
EndGlobal
