
Microsoft Visual Studio Solution File, Format Version 12.00
# Visual Studio Version 17
VisualStudioVersion = 17.2.32630.192
MinimumVisualStudioVersion = 10.0.40219.1
Project("{FAE04EC0-301F-11D3-BF4B-00C04F79EFBC}") = "Array", "Array\Array.csproj", "{F00FDA1C-5BE2-4A8F-9B07-0B926489044E}"
EndProject
Global
	GlobalSection(SolutionConfigurationPlatforms) = preSolution
		Debug|Any CPU = Debug|Any CPU
		Release|Any CPU = Release|Any CPU
	EndGlobalSection
	GlobalSection(ProjectConfigurationPlatforms) = postSolution
		{F00FDA1C-5BE2-4A8F-9B07-0B926489044E}.Debug|Any CPU.ActiveCfg = Debug|Any CPU
		{F00FDA1C-5BE2-4A8F-9B07-0B926489044E}.Debug|Any CPU.Build.0 = Debug|Any CPU
		{F00FDA1C-5BE2-4A8F-9B07-0B926489044E}.Release|Any CPU.ActiveCfg = Release|Any CPU
		{F00FDA1C-5BE2-4A8F-9B07-0B926489044E}.Release|Any CPU.Build.0 = Release|Any CPU
	EndGlobalSection
	GlobalSection(SolutionProperties) = preSolution
		HideSolutionNode = FALSE
	EndGlobalSection
	GlobalSection(ExtensibilityGlobals) = postSolution
		SolutionGuid = {6D99C564-007F-46BE-8C99-9C4B6C6EC987}
	EndGlobalSection
EndGlobal
