
Microsoft Visual Studio Solution File, Format Version 12.00
# Visual Studio Version 17
VisualStudioVersion = 17.2.32630.192
MinimumVisualStudioVersion = 10.0.40219.1
Project("{FAE04EC0-301F-11D3-BF4B-00C04F79EFBC}") = "DuNo_MotThamSo", "DuNo_MotThamSo\DuNo_MotThamSo.csproj", "{066EED64-7AE6-45C5-A060-8DBE82E8BDC6}"
EndProject
Global
	GlobalSection(SolutionConfigurationPlatforms) = preSolution
		Debug|Any CPU = Debug|Any CPU
		Release|Any CPU = Release|Any CPU
	EndGlobalSection
	GlobalSection(ProjectConfigurationPlatforms) = postSolution
		{066EED64-7AE6-45C5-A060-8DBE82E8BDC6}.Debug|Any CPU.ActiveCfg = Debug|Any CPU
		{066EED64-7AE6-45C5-A060-8DBE82E8BDC6}.Debug|Any CPU.Build.0 = Debug|Any CPU
		{066EED64-7AE6-45C5-A060-8DBE82E8BDC6}.Release|Any CPU.ActiveCfg = Release|Any CPU
		{066EED64-7AE6-45C5-A060-8DBE82E8BDC6}.Release|Any CPU.Build.0 = Release|Any CPU
	EndGlobalSection
	GlobalSection(SolutionProperties) = preSolution
		HideSolutionNode = FALSE
	EndGlobalSection
	GlobalSection(ExtensibilityGlobals) = postSolution
		SolutionGuid = {C1236D83-6E68-4089-9C10-C939091AAFDD}
	EndGlobalSection
EndGlobal
