
Microsoft Visual Studio Solution File, Format Version 12.00
# Visual Studio Version 17
VisualStudioVersion = 17.2.32630.192
MinimumVisualStudioVersion = 10.0.40219.1
Project("{FAE04EC0-301F-11D3-BF4B-00C04F79EFBC}") = "Nested_Class", "Nested_Class\Nested_Class.csproj", "{7F7DF651-C8F9-4C3B-851E-E3D22F943477}"
EndProject
Global
	GlobalSection(SolutionConfigurationPlatforms) = preSolution
		Debug|Any CPU = Debug|Any CPU
		Release|Any CPU = Release|Any CPU
	EndGlobalSection
	GlobalSection(ProjectConfigurationPlatforms) = postSolution
		{7F7DF651-C8F9-4C3B-851E-E3D22F943477}.Debug|Any CPU.ActiveCfg = Debug|Any CPU
		{7F7DF651-C8F9-4C3B-851E-E3D22F943477}.Debug|Any CPU.Build.0 = Debug|Any CPU
		{7F7DF651-C8F9-4C3B-851E-E3D22F943477}.Release|Any CPU.ActiveCfg = Release|Any CPU
		{7F7DF651-C8F9-4C3B-851E-E3D22F943477}.Release|Any CPU.Build.0 = Release|Any CPU
	EndGlobalSection
	GlobalSection(SolutionProperties) = preSolution
		HideSolutionNode = FALSE
	EndGlobalSection
	GlobalSection(ExtensibilityGlobals) = postSolution
		SolutionGuid = {BEF08754-8384-4FF9-8C82-7AA1337EB464}
	EndGlobalSection
EndGlobal
