
Microsoft Visual Studio Solution File, Format Version 12.00
# Visual Studio Version 17
VisualStudioVersion = 17.2.32630.192
MinimumVisualStudioVersion = 10.0.40219.1
Project("{FAE04EC0-301F-11D3-BF4B-00C04F79EFBC}") = "P1", "P1\P1.csproj", "{EE40072E-8050-42B8-A46A-8E55902E551E}"
EndProject
Global
	GlobalSection(SolutionConfigurationPlatforms) = preSolution
		Debug|Any CPU = Debug|Any CPU
		Release|Any CPU = Release|Any CPU
	EndGlobalSection
	GlobalSection(ProjectConfigurationPlatforms) = postSolution
		{EE40072E-8050-42B8-A46A-8E55902E551E}.Debug|Any CPU.ActiveCfg = Debug|Any CPU
		{EE40072E-8050-42B8-A46A-8E55902E551E}.Debug|Any CPU.Build.0 = Debug|Any CPU
		{EE40072E-8050-42B8-A46A-8E55902E551E}.Release|Any CPU.ActiveCfg = Release|Any CPU
		{EE40072E-8050-42B8-A46A-8E55902E551E}.Release|Any CPU.Build.0 = Release|Any CPU
	EndGlobalSection
	GlobalSection(SolutionProperties) = preSolution
		HideSolutionNode = FALSE
	EndGlobalSection
	GlobalSection(ExtensibilityGlobals) = postSolution
		SolutionGuid = {5170B8DA-C8FD-4EAA-B9C5-60594C14F4A4}
	EndGlobalSection
EndGlobal
